
Microsoft Visual Studio Solution File, Format Version 12.00
# Visual Studio 14
VisualStudioVersion = 14.0.25420.1
MinimumVisualStudioVersion = 10.0.40219.1
Project("{FAE04EC0-301F-11D3-BF4B-00C04F79EFBC}") = "B-Template Pattern", "B-Template Pattern\B-Template Pattern.csproj", "{72FFB9E4-6F6D-4D31-B2E8-BDF87078DAE5}"
EndProject
Project("{FAE04EC0-301F-11D3-BF4B-00C04F79EFBC}") = "B Solution 1", "B Solution 1\B Solution 1.csproj", "{53DFB379-AA24-485A-AB34-0270ACF6F5AC}"
EndProject
Project("{FAE04EC0-301F-11D3-BF4B-00C04F79EFBC}") = "B Solution 2", "B Solution 2\B Solution 2.csproj", "{A522628E-DEE7-4005-8DA8-FA82D0EF9689}"
EndProject
Project("{FAE04EC0-301F-11D3-BF4B-00C04F79EFBC}") = "B Solution 3", "B Solution 3\B Solution 3.csproj", "{39F6B7C5-AAAC-46EB-9415-501B975EF57B}"
EndProject
Project("{FAE04EC0-301F-11D3-BF4B-00C04F79EFBC}") = "B Solution 4", "B Solution 4\B Solution 4.csproj", "{4DFDF88C-5D41-4589-85E1-225F66604B0F}"
EndProject
Global
	GlobalSection(SolutionConfigurationPlatforms) = preSolution
		Debug|Any CPU = Debug|Any CPU
		Release|Any CPU = Release|Any CPU
	EndGlobalSection
	GlobalSection(ProjectConfigurationPlatforms) = postSolution
		{72FFB9E4-6F6D-4D31-B2E8-BDF87078DAE5}.Debug|Any CPU.ActiveCfg = Debug|Any CPU
		{72FFB9E4-6F6D-4D31-B2E8-BDF87078DAE5}.Debug|Any CPU.Build.0 = Debug|Any CPU
		{72FFB9E4-6F6D-4D31-B2E8-BDF87078DAE5}.Release|Any CPU.ActiveCfg = Release|Any CPU
		{72FFB9E4-6F6D-4D31-B2E8-BDF87078DAE5}.Release|Any CPU.Build.0 = Release|Any CPU
		{53DFB379-AA24-485A-AB34-0270ACF6F5AC}.Debug|Any CPU.ActiveCfg = Debug|Any CPU
		{53DFB379-AA24-485A-AB34-0270ACF6F5AC}.Debug|Any CPU.Build.0 = Debug|Any CPU
		{53DFB379-AA24-485A-AB34-0270ACF6F5AC}.Release|Any CPU.ActiveCfg = Release|Any CPU
		{53DFB379-AA24-485A-AB34-0270ACF6F5AC}.Release|Any CPU.Build.0 = Release|Any CPU
		{A522628E-DEE7-4005-8DA8-FA82D0EF9689}.Debug|Any CPU.ActiveCfg = Debug|Any CPU
		{A522628E-DEE7-4005-8DA8-FA82D0EF9689}.Debug|Any CPU.Build.0 = Debug|Any CPU
		{A522628E-DEE7-4005-8DA8-FA82D0EF9689}.Release|Any CPU.ActiveCfg = Release|Any CPU
		{A522628E-DEE7-4005-8DA8-FA82D0EF9689}.Release|Any CPU.Build.0 = Release|Any CPU
		{39F6B7C5-AAAC-46EB-9415-501B975EF57B}.Debug|Any CPU.ActiveCfg = Debug|Any CPU
		{39F6B7C5-AAAC-46EB-9415-501B975EF57B}.Debug|Any CPU.Build.0 = Debug|Any CPU
		{39F6B7C5-AAAC-46EB-9415-501B975EF57B}.Release|Any CPU.ActiveCfg = Release|Any CPU
		{39F6B7C5-AAAC-46EB-9415-501B975EF57B}.Release|Any CPU.Build.0 = Release|Any CPU
		{4DFDF88C-5D41-4589-85E1-225F66604B0F}.Debug|Any CPU.ActiveCfg = Debug|Any CPU
		{4DFDF88C-5D41-4589-85E1-225F66604B0F}.Debug|Any CPU.Build.0 = Debug|Any CPU
		{4DFDF88C-5D41-4589-85E1-225F66604B0F}.Release|Any CPU.ActiveCfg = Release|Any CPU
		{4DFDF88C-5D41-4589-85E1-225F66604B0F}.Release|Any CPU.Build.0 = Release|Any CPU
	EndGlobalSection
	GlobalSection(SolutionProperties) = preSolution
		HideSolutionNode = FALSE
	EndGlobalSection
EndGlobal
