
Microsoft Visual Studio Solution File, Format Version 12.00
# Visual Studio 15
VisualStudioVersion = 15.0.26403.7
MinimumVisualStudioVersion = 10.0.40219.1
Project("{FAE04EC0-301F-11D3-BF4B-00C04F79EFBC}") = "H-Command Pattern", "H-Command Pattern\H-Command Pattern.csproj", "{DE874EF2-9F6A-4941-808D-A0ED51B9438A}"
EndProject
Project("{FAE04EC0-301F-11D3-BF4B-00C04F79EFBC}") = "H Solution 1", "H Solution 1\H Solution 1.csproj", "{70B33B9F-5621-4264-B3AB-D67DE92CDFEC}"
EndProject
Project("{FAE04EC0-301F-11D3-BF4B-00C04F79EFBC}") = "H Solution 2", "H Solution 2\H Solution 2.csproj", "{ECF9C8F0-6DB7-4460-920B-82E822A24051}"
EndProject
Project("{FAE04EC0-301F-11D3-BF4B-00C04F79EFBC}") = "H Solution 3", "H Solution 3\H Solution 3.csproj", "{5094DC2C-EA88-49EE-92BB-86887494C2EB}"
EndProject
Project("{FAE04EC0-301F-11D3-BF4B-00C04F79EFBC}") = "H Solution 4", "H Solution 4\H Solution 4.csproj", "{0338A789-14C7-476E-9CAE-2ACF59FDF974}"
EndProject
Project("{FAE04EC0-301F-11D3-BF4B-00C04F79EFBC}") = "H Solution 5", "H Solution 5\H Solution 5.csproj", "{54832560-E8D9-419D-93B8-3A046C503752}"
EndProject
Global
	GlobalSection(SolutionConfigurationPlatforms) = preSolution
		Debug|Any CPU = Debug|Any CPU
		Release|Any CPU = Release|Any CPU
	EndGlobalSection
	GlobalSection(ProjectConfigurationPlatforms) = postSolution
		{DE874EF2-9F6A-4941-808D-A0ED51B9438A}.Debug|Any CPU.ActiveCfg = Debug|Any CPU
		{DE874EF2-9F6A-4941-808D-A0ED51B9438A}.Debug|Any CPU.Build.0 = Debug|Any CPU
		{DE874EF2-9F6A-4941-808D-A0ED51B9438A}.Release|Any CPU.ActiveCfg = Release|Any CPU
		{DE874EF2-9F6A-4941-808D-A0ED51B9438A}.Release|Any CPU.Build.0 = Release|Any CPU
		{70B33B9F-5621-4264-B3AB-D67DE92CDFEC}.Debug|Any CPU.ActiveCfg = Debug|Any CPU
		{70B33B9F-5621-4264-B3AB-D67DE92CDFEC}.Debug|Any CPU.Build.0 = Debug|Any CPU
		{70B33B9F-5621-4264-B3AB-D67DE92CDFEC}.Release|Any CPU.ActiveCfg = Release|Any CPU
		{70B33B9F-5621-4264-B3AB-D67DE92CDFEC}.Release|Any CPU.Build.0 = Release|Any CPU
		{ECF9C8F0-6DB7-4460-920B-82E822A24051}.Debug|Any CPU.ActiveCfg = Debug|Any CPU
		{ECF9C8F0-6DB7-4460-920B-82E822A24051}.Debug|Any CPU.Build.0 = Debug|Any CPU
		{ECF9C8F0-6DB7-4460-920B-82E822A24051}.Release|Any CPU.ActiveCfg = Release|Any CPU
		{ECF9C8F0-6DB7-4460-920B-82E822A24051}.Release|Any CPU.Build.0 = Release|Any CPU
		{5094DC2C-EA88-49EE-92BB-86887494C2EB}.Debug|Any CPU.ActiveCfg = Debug|Any CPU
		{5094DC2C-EA88-49EE-92BB-86887494C2EB}.Debug|Any CPU.Build.0 = Debug|Any CPU
		{5094DC2C-EA88-49EE-92BB-86887494C2EB}.Release|Any CPU.ActiveCfg = Release|Any CPU
		{5094DC2C-EA88-49EE-92BB-86887494C2EB}.Release|Any CPU.Build.0 = Release|Any CPU
		{0338A789-14C7-476E-9CAE-2ACF59FDF974}.Debug|Any CPU.ActiveCfg = Debug|Any CPU
		{0338A789-14C7-476E-9CAE-2ACF59FDF974}.Debug|Any CPU.Build.0 = Debug|Any CPU
		{0338A789-14C7-476E-9CAE-2ACF59FDF974}.Release|Any CPU.ActiveCfg = Release|Any CPU
		{0338A789-14C7-476E-9CAE-2ACF59FDF974}.Release|Any CPU.Build.0 = Release|Any CPU
		{54832560-E8D9-419D-93B8-3A046C503752}.Debug|Any CPU.ActiveCfg = Debug|Any CPU
		{54832560-E8D9-419D-93B8-3A046C503752}.Debug|Any CPU.Build.0 = Debug|Any CPU
		{54832560-E8D9-419D-93B8-3A046C503752}.Release|Any CPU.ActiveCfg = Release|Any CPU
		{54832560-E8D9-419D-93B8-3A046C503752}.Release|Any CPU.Build.0 = Release|Any CPU
	EndGlobalSection
	GlobalSection(SolutionProperties) = preSolution
		HideSolutionNode = FALSE
	EndGlobalSection
EndGlobal
