
Microsoft Visual Studio Solution File, Format Version 12.00
# Visual Studio 14
VisualStudioVersion = 14.0.25420.1
MinimumVisualStudioVersion = 10.0.40219.1
Project("{FAE04EC0-301F-11D3-BF4B-00C04F79EFBC}") = "H-Command Pattern", "H-Command Pattern\H-Command Pattern.csproj", "{DE874EF2-9F6A-4941-808D-A0ED51B9438A}"
EndProject
Project("{FAE04EC0-301F-11D3-BF4B-00C04F79EFBC}") = "H Solution 1", "H Solution 1\H Solution 1.csproj", "{70B33B9F-5621-4264-B3AB-D67DE92CDFEC}"
EndProject
Project("{FAE04EC0-301F-11D3-BF4B-00C04F79EFBC}") = "H Solution 2", "H Solution 2\H Solution 2.csproj", "{ECF9C8F0-6DB7-4460-920B-82E822A24051}"
EndProject
Global
	GlobalSection(SolutionConfigurationPlatforms) = preSolution
		Debug|Any CPU = Debug|Any CPU
		Release|Any CPU = Release|Any CPU
	EndGlobalSection
	GlobalSection(ProjectConfigurationPlatforms) = postSolution
		{DE874EF2-9F6A-4941-808D-A0ED51B9438A}.Debug|Any CPU.ActiveCfg = Debug|Any CPU
		{DE874EF2-9F6A-4941-808D-A0ED51B9438A}.Debug|Any CPU.Build.0 = Debug|Any CPU
		{DE874EF2-9F6A-4941-808D-A0ED51B9438A}.Release|Any CPU.ActiveCfg = Release|Any CPU
		{DE874EF2-9F6A-4941-808D-A0ED51B9438A}.Release|Any CPU.Build.0 = Release|Any CPU
		{70B33B9F-5621-4264-B3AB-D67DE92CDFEC}.Debug|Any CPU.ActiveCfg = Debug|Any CPU
		{70B33B9F-5621-4264-B3AB-D67DE92CDFEC}.Debug|Any CPU.Build.0 = Debug|Any CPU
		{70B33B9F-5621-4264-B3AB-D67DE92CDFEC}.Release|Any CPU.ActiveCfg = Release|Any CPU
		{70B33B9F-5621-4264-B3AB-D67DE92CDFEC}.Release|Any CPU.Build.0 = Release|Any CPU
		{ECF9C8F0-6DB7-4460-920B-82E822A24051}.Debug|Any CPU.ActiveCfg = Debug|Any CPU
		{ECF9C8F0-6DB7-4460-920B-82E822A24051}.Debug|Any CPU.Build.0 = Debug|Any CPU
		{ECF9C8F0-6DB7-4460-920B-82E822A24051}.Release|Any CPU.ActiveCfg = Release|Any CPU
		{ECF9C8F0-6DB7-4460-920B-82E822A24051}.Release|Any CPU.Build.0 = Release|Any CPU
	EndGlobalSection
	GlobalSection(SolutionProperties) = preSolution
		HideSolutionNode = FALSE
	EndGlobalSection
EndGlobal
