
Microsoft Visual Studio Solution File, Format Version 12.00
# Visual Studio 14
VisualStudioVersion = 14.0.25420.1
MinimumVisualStudioVersion = 10.0.40219.1
Project("{FAE04EC0-301F-11D3-BF4B-00C04F79EFBC}") = "D-Strategy Pattern", "D-Strategy Pattern\D-Strategy Pattern.csproj", "{70985F68-2F52-410D-93B9-B691BBE91650}"
EndProject
Project("{FAE04EC0-301F-11D3-BF4B-00C04F79EFBC}") = "D Solution 1", "D Solution 1\D Solution 1.csproj", "{3C1B1427-3F61-41F4-8D0D-D1960BF9757C}"
EndProject
Project("{FAE04EC0-301F-11D3-BF4B-00C04F79EFBC}") = "D Solution 2", "D Solution 2\D Solution 2.csproj", "{663AB2EA-0D8F-42D3-A89C-648B35319F88}"
EndProject
Project("{FAE04EC0-301F-11D3-BF4B-00C04F79EFBC}") = "D Solution 3", "D Solution 3\D Solution 3.csproj", "{5FF2F960-A7EC-43EF-826D-C42D02B3F536}"
EndProject
Project("{FAE04EC0-301F-11D3-BF4B-00C04F79EFBC}") = "D Solution 4", "D Solution 4\D Solution 4.csproj", "{8A47CB23-142B-4CE3-8303-32E3487CA956}"
EndProject
Global
	GlobalSection(SolutionConfigurationPlatforms) = preSolution
		Debug|Any CPU = Debug|Any CPU
		Release|Any CPU = Release|Any CPU
	EndGlobalSection
	GlobalSection(ProjectConfigurationPlatforms) = postSolution
		{70985F68-2F52-410D-93B9-B691BBE91650}.Debug|Any CPU.ActiveCfg = Debug|Any CPU
		{70985F68-2F52-410D-93B9-B691BBE91650}.Debug|Any CPU.Build.0 = Debug|Any CPU
		{70985F68-2F52-410D-93B9-B691BBE91650}.Release|Any CPU.ActiveCfg = Release|Any CPU
		{70985F68-2F52-410D-93B9-B691BBE91650}.Release|Any CPU.Build.0 = Release|Any CPU
		{3C1B1427-3F61-41F4-8D0D-D1960BF9757C}.Debug|Any CPU.ActiveCfg = Debug|Any CPU
		{3C1B1427-3F61-41F4-8D0D-D1960BF9757C}.Debug|Any CPU.Build.0 = Debug|Any CPU
		{3C1B1427-3F61-41F4-8D0D-D1960BF9757C}.Release|Any CPU.ActiveCfg = Release|Any CPU
		{3C1B1427-3F61-41F4-8D0D-D1960BF9757C}.Release|Any CPU.Build.0 = Release|Any CPU
		{663AB2EA-0D8F-42D3-A89C-648B35319F88}.Debug|Any CPU.ActiveCfg = Debug|Any CPU
		{663AB2EA-0D8F-42D3-A89C-648B35319F88}.Debug|Any CPU.Build.0 = Debug|Any CPU
		{663AB2EA-0D8F-42D3-A89C-648B35319F88}.Release|Any CPU.ActiveCfg = Release|Any CPU
		{663AB2EA-0D8F-42D3-A89C-648B35319F88}.Release|Any CPU.Build.0 = Release|Any CPU
		{5FF2F960-A7EC-43EF-826D-C42D02B3F536}.Debug|Any CPU.ActiveCfg = Debug|Any CPU
		{5FF2F960-A7EC-43EF-826D-C42D02B3F536}.Debug|Any CPU.Build.0 = Debug|Any CPU
		{5FF2F960-A7EC-43EF-826D-C42D02B3F536}.Release|Any CPU.ActiveCfg = Release|Any CPU
		{5FF2F960-A7EC-43EF-826D-C42D02B3F536}.Release|Any CPU.Build.0 = Release|Any CPU
		{8A47CB23-142B-4CE3-8303-32E3487CA956}.Debug|Any CPU.ActiveCfg = Debug|Any CPU
		{8A47CB23-142B-4CE3-8303-32E3487CA956}.Debug|Any CPU.Build.0 = Debug|Any CPU
		{8A47CB23-142B-4CE3-8303-32E3487CA956}.Release|Any CPU.ActiveCfg = Release|Any CPU
		{8A47CB23-142B-4CE3-8303-32E3487CA956}.Release|Any CPU.Build.0 = Release|Any CPU
	EndGlobalSection
	GlobalSection(SolutionProperties) = preSolution
		HideSolutionNode = FALSE
	EndGlobalSection
EndGlobal
