
Microsoft Visual Studio Solution File, Format Version 12.00
# Visual Studio 15
VisualStudioVersion = 15.0.26403.7
MinimumVisualStudioVersion = 10.0.40219.1
Project("{FAE04EC0-301F-11D3-BF4B-00C04F79EFBC}") = "I-Iterator Pattern", "I-Iterator Pattern\I-Iterator Pattern.csproj", "{626B6271-28C4-4D71-ACED-51449749D959}"
EndProject
Project("{FAE04EC0-301F-11D3-BF4B-00C04F79EFBC}") = "I Solution 1", "I Solution 1\I Solution 1.csproj", "{06C24C8A-AD4C-4681-9E88-0CB058A70FE3}"
EndProject
Project("{FAE04EC0-301F-11D3-BF4B-00C04F79EFBC}") = "I Solution 2", "I Solution 2\I Solution 2.csproj", "{C4C40FB6-F7D4-4453-8300-197C552E5B4C}"
EndProject
Project("{FAE04EC0-301F-11D3-BF4B-00C04F79EFBC}") = "I Solution 3", "I Solution 3\I Solution 3.csproj", "{CA92CE12-D1B4-45B2-9D5F-4FD0AB4F4E34}"
EndProject
Global
	GlobalSection(SolutionConfigurationPlatforms) = preSolution
		Debug|Any CPU = Debug|Any CPU
		Release|Any CPU = Release|Any CPU
	EndGlobalSection
	GlobalSection(ProjectConfigurationPlatforms) = postSolution
		{626B6271-28C4-4D71-ACED-51449749D959}.Debug|Any CPU.ActiveCfg = Debug|Any CPU
		{626B6271-28C4-4D71-ACED-51449749D959}.Debug|Any CPU.Build.0 = Debug|Any CPU
		{626B6271-28C4-4D71-ACED-51449749D959}.Release|Any CPU.ActiveCfg = Release|Any CPU
		{626B6271-28C4-4D71-ACED-51449749D959}.Release|Any CPU.Build.0 = Release|Any CPU
		{06C24C8A-AD4C-4681-9E88-0CB058A70FE3}.Debug|Any CPU.ActiveCfg = Debug|Any CPU
		{06C24C8A-AD4C-4681-9E88-0CB058A70FE3}.Debug|Any CPU.Build.0 = Debug|Any CPU
		{06C24C8A-AD4C-4681-9E88-0CB058A70FE3}.Release|Any CPU.ActiveCfg = Release|Any CPU
		{06C24C8A-AD4C-4681-9E88-0CB058A70FE3}.Release|Any CPU.Build.0 = Release|Any CPU
		{C4C40FB6-F7D4-4453-8300-197C552E5B4C}.Debug|Any CPU.ActiveCfg = Debug|Any CPU
		{C4C40FB6-F7D4-4453-8300-197C552E5B4C}.Debug|Any CPU.Build.0 = Debug|Any CPU
		{C4C40FB6-F7D4-4453-8300-197C552E5B4C}.Release|Any CPU.ActiveCfg = Release|Any CPU
		{C4C40FB6-F7D4-4453-8300-197C552E5B4C}.Release|Any CPU.Build.0 = Release|Any CPU
		{CA92CE12-D1B4-45B2-9D5F-4FD0AB4F4E34}.Debug|Any CPU.ActiveCfg = Debug|Any CPU
		{CA92CE12-D1B4-45B2-9D5F-4FD0AB4F4E34}.Debug|Any CPU.Build.0 = Debug|Any CPU
		{CA92CE12-D1B4-45B2-9D5F-4FD0AB4F4E34}.Release|Any CPU.ActiveCfg = Release|Any CPU
		{CA92CE12-D1B4-45B2-9D5F-4FD0AB4F4E34}.Release|Any CPU.Build.0 = Release|Any CPU
	EndGlobalSection
	GlobalSection(SolutionProperties) = preSolution
		HideSolutionNode = FALSE
	EndGlobalSection
EndGlobal
