
Microsoft Visual Studio Solution File, Format Version 12.00
# Visual Studio 15
VisualStudioVersion = 15.0.26403.7
MinimumVisualStudioVersion = 10.0.40219.1
Project("{FAE04EC0-301F-11D3-BF4B-00C04F79EFBC}") = "R-Proxy Pattern", "R-Proxy Pattern\R-Proxy Pattern.csproj", "{47BA352A-5CBA-4FB7-80DA-AF05E255A9BE}"
EndProject
Project("{FAE04EC0-301F-11D3-BF4B-00C04F79EFBC}") = "R Solution 1", "R Solution 1\R Solution 1.csproj", "{ED952219-A04F-4408-8986-0FF857C24253}"
EndProject
Project("{FAE04EC0-301F-11D3-BF4B-00C04F79EFBC}") = "R Solution 2", "R Solution 2\R Solution 2.csproj", "{FF895AA3-B130-4D8E-BC8E-F0140C4DF6C5}"
EndProject
Global
	GlobalSection(SolutionConfigurationPlatforms) = preSolution
		Debug|Any CPU = Debug|Any CPU
		Release|Any CPU = Release|Any CPU
	EndGlobalSection
	GlobalSection(ProjectConfigurationPlatforms) = postSolution
		{47BA352A-5CBA-4FB7-80DA-AF05E255A9BE}.Debug|Any CPU.ActiveCfg = Debug|Any CPU
		{47BA352A-5CBA-4FB7-80DA-AF05E255A9BE}.Debug|Any CPU.Build.0 = Debug|Any CPU
		{47BA352A-5CBA-4FB7-80DA-AF05E255A9BE}.Release|Any CPU.ActiveCfg = Release|Any CPU
		{47BA352A-5CBA-4FB7-80DA-AF05E255A9BE}.Release|Any CPU.Build.0 = Release|Any CPU
		{ED952219-A04F-4408-8986-0FF857C24253}.Debug|Any CPU.ActiveCfg = Debug|Any CPU
		{ED952219-A04F-4408-8986-0FF857C24253}.Debug|Any CPU.Build.0 = Debug|Any CPU
		{ED952219-A04F-4408-8986-0FF857C24253}.Release|Any CPU.ActiveCfg = Release|Any CPU
		{ED952219-A04F-4408-8986-0FF857C24253}.Release|Any CPU.Build.0 = Release|Any CPU
		{FF895AA3-B130-4D8E-BC8E-F0140C4DF6C5}.Debug|Any CPU.ActiveCfg = Debug|Any CPU
		{FF895AA3-B130-4D8E-BC8E-F0140C4DF6C5}.Debug|Any CPU.Build.0 = Debug|Any CPU
		{FF895AA3-B130-4D8E-BC8E-F0140C4DF6C5}.Release|Any CPU.ActiveCfg = Release|Any CPU
		{FF895AA3-B130-4D8E-BC8E-F0140C4DF6C5}.Release|Any CPU.Build.0 = Release|Any CPU
	EndGlobalSection
	GlobalSection(SolutionProperties) = preSolution
		HideSolutionNode = FALSE
	EndGlobalSection
EndGlobal
