
Microsoft Visual Studio Solution File, Format Version 12.00
# Visual Studio 15
VisualStudioVersion = 15.0.26403.7
MinimumVisualStudioVersion = 10.0.40219.1
Project("{FAE04EC0-301F-11D3-BF4B-00C04F79EFBC}") = "Q-Facade Pattern", "Q-Facade Pattern\Q-Facade Pattern.csproj", "{55F9A2D3-9BD6-45D8-B036-C923132CB151}"
EndProject
Project("{FAE04EC0-301F-11D3-BF4B-00C04F79EFBC}") = "Q Solution 1", "Q Solution 1\Q Solution 1.csproj", "{A5D19D11-465D-412E-B291-82F14EDA5BC4}"
EndProject
Project("{FAE04EC0-301F-11D3-BF4B-00C04F79EFBC}") = "Q Solution 2", "Q Solution 2\Q Solution 2.csproj", "{26FF8611-3B12-45F8-8F2A-77394527AFCC}"
EndProject
Global
	GlobalSection(SolutionConfigurationPlatforms) = preSolution
		Debug|Any CPU = Debug|Any CPU
		Release|Any CPU = Release|Any CPU
	EndGlobalSection
	GlobalSection(ProjectConfigurationPlatforms) = postSolution
		{55F9A2D3-9BD6-45D8-B036-C923132CB151}.Debug|Any CPU.ActiveCfg = Debug|Any CPU
		{55F9A2D3-9BD6-45D8-B036-C923132CB151}.Debug|Any CPU.Build.0 = Debug|Any CPU
		{55F9A2D3-9BD6-45D8-B036-C923132CB151}.Release|Any CPU.ActiveCfg = Release|Any CPU
		{55F9A2D3-9BD6-45D8-B036-C923132CB151}.Release|Any CPU.Build.0 = Release|Any CPU
		{A5D19D11-465D-412E-B291-82F14EDA5BC4}.Debug|Any CPU.ActiveCfg = Debug|Any CPU
		{A5D19D11-465D-412E-B291-82F14EDA5BC4}.Debug|Any CPU.Build.0 = Debug|Any CPU
		{A5D19D11-465D-412E-B291-82F14EDA5BC4}.Release|Any CPU.ActiveCfg = Release|Any CPU
		{A5D19D11-465D-412E-B291-82F14EDA5BC4}.Release|Any CPU.Build.0 = Release|Any CPU
		{26FF8611-3B12-45F8-8F2A-77394527AFCC}.Debug|Any CPU.ActiveCfg = Debug|Any CPU
		{26FF8611-3B12-45F8-8F2A-77394527AFCC}.Debug|Any CPU.Build.0 = Debug|Any CPU
		{26FF8611-3B12-45F8-8F2A-77394527AFCC}.Release|Any CPU.ActiveCfg = Release|Any CPU
		{26FF8611-3B12-45F8-8F2A-77394527AFCC}.Release|Any CPU.Build.0 = Release|Any CPU
	EndGlobalSection
	GlobalSection(SolutionProperties) = preSolution
		HideSolutionNode = FALSE
	EndGlobalSection
EndGlobal
