
Microsoft Visual Studio Solution File, Format Version 12.00
# Visual Studio 14
VisualStudioVersion = 14.0.25420.1
MinimumVisualStudioVersion = 10.0.40219.1
Project("{FAE04EC0-301F-11D3-BF4B-00C04F79EFBC}") = "C-State Pattern", "C-State Pattern\C-State Pattern.csproj", "{3BCDF7A4-3834-4D34-BF35-44B62F9DC6BE}"
EndProject
Project("{FAE04EC0-301F-11D3-BF4B-00C04F79EFBC}") = "C Solution 1", "C Solution 1\C Solution 1.csproj", "{1AD8578C-ECB6-4E89-BC73-29A188D37179}"
EndProject
Global
	GlobalSection(SolutionConfigurationPlatforms) = preSolution
		Debug|Any CPU = Debug|Any CPU
		Release|Any CPU = Release|Any CPU
	EndGlobalSection
	GlobalSection(ProjectConfigurationPlatforms) = postSolution
		{3BCDF7A4-3834-4D34-BF35-44B62F9DC6BE}.Debug|Any CPU.ActiveCfg = Debug|Any CPU
		{3BCDF7A4-3834-4D34-BF35-44B62F9DC6BE}.Debug|Any CPU.Build.0 = Debug|Any CPU
		{3BCDF7A4-3834-4D34-BF35-44B62F9DC6BE}.Release|Any CPU.ActiveCfg = Release|Any CPU
		{3BCDF7A4-3834-4D34-BF35-44B62F9DC6BE}.Release|Any CPU.Build.0 = Release|Any CPU
		{1AD8578C-ECB6-4E89-BC73-29A188D37179}.Debug|Any CPU.ActiveCfg = Debug|Any CPU
		{1AD8578C-ECB6-4E89-BC73-29A188D37179}.Debug|Any CPU.Build.0 = Debug|Any CPU
		{1AD8578C-ECB6-4E89-BC73-29A188D37179}.Release|Any CPU.ActiveCfg = Release|Any CPU
		{1AD8578C-ECB6-4E89-BC73-29A188D37179}.Release|Any CPU.Build.0 = Release|Any CPU
	EndGlobalSection
	GlobalSection(SolutionProperties) = preSolution
		HideSolutionNode = FALSE
	EndGlobalSection
EndGlobal
